
Microsoft Visual Studio Solution File, Format Version 12.00
# Visual Studio Version 16
VisualStudioVersion = 16.0.29709.97
MinimumVisualStudioVersion = 10.0.40219.1
Project("{9A19103F-16F7-4668-BE54-9A1E7A4F7556}") = "BlogApi", "BlogApi\BlogApi.csproj", "{52611535-1143-44CB-9D32-C8FA8C469EDF}"
EndProject
Project("{9A19103F-16F7-4668-BE54-9A1E7A4F7556}") = "BlogApi.Tests", "BlogApi.Tests\BlogApi.Tests.csproj", "{6B36F8CD-C92F-4050-9FC0-0DA4D59468B8}"
EndProject
Global
	GlobalSection(SolutionConfigurationPlatforms) = preSolution
		Debug|Any CPU = Debug|Any CPU
		Release|Any CPU = Release|Any CPU
	EndGlobalSection
	GlobalSection(ProjectConfigurationPlatforms) = postSolution
		{52611535-1143-44CB-9D32-C8FA8C469EDF}.Debug|Any CPU.ActiveCfg = Debug|Any CPU
		{52611535-1143-44CB-9D32-C8FA8C469EDF}.Debug|Any CPU.Build.0 = Debug|Any CPU
		{52611535-1143-44CB-9D32-C8FA8C469EDF}.Release|Any CPU.ActiveCfg = Release|Any CPU
		{52611535-1143-44CB-9D32-C8FA8C469EDF}.Release|Any CPU.Build.0 = Release|Any CPU
		{6B36F8CD-C92F-4050-9FC0-0DA4D59468B8}.Debug|Any CPU.ActiveCfg = Debug|Any CPU
		{6B36F8CD-C92F-4050-9FC0-0DA4D59468B8}.Debug|Any CPU.Build.0 = Debug|Any CPU
		{6B36F8CD-C92F-4050-9FC0-0DA4D59468B8}.Release|Any CPU.ActiveCfg = Release|Any CPU
		{6B36F8CD-C92F-4050-9FC0-0DA4D59468B8}.Release|Any CPU.Build.0 = Release|Any CPU
	EndGlobalSection
	GlobalSection(SolutionProperties) = preSolution
		HideSolutionNode = FALSE
	EndGlobalSection
	GlobalSection(ExtensibilityGlobals) = postSolution
		SolutionGuid = {7DDD126C-FE57-4BD7-8551-DC1BAD9AC8E8}
	EndGlobalSection
EndGlobal
